
Microsoft Visual Studio Solution File, Format Version 12.00
# Visual Studio Version 17
VisualStudioVersion = 17.10.35027.167
MinimumVisualStudioVersion = 10.0.40219.1
Project("{FAE04EC0-301F-11D3-BF4B-00C04F79EFBC}") = "ComboBoxWindowsForms", "ComboBoxWindowsForms\ComboBoxWindowsForms.csproj", "{40A6CCB5-BE86-4EC2-B9A7-463EBC58E39B}"
EndProject
Global
	GlobalSection(SolutionConfigurationPlatforms) = preSolution
		Debug|Any CPU = Debug|Any CPU
		Release|Any CPU = Release|Any CPU
	EndGlobalSection
	GlobalSection(ProjectConfigurationPlatforms) = postSolution
		{40A6CCB5-BE86-4EC2-B9A7-463EBC58E39B}.Debug|Any CPU.ActiveCfg = Debug|Any CPU
		{40A6CCB5-BE86-4EC2-B9A7-463EBC58E39B}.Debug|Any CPU.Build.0 = Debug|Any CPU
		{40A6CCB5-BE86-4EC2-B9A7-463EBC58E39B}.Release|Any CPU.ActiveCfg = Release|Any CPU
		{40A6CCB5-BE86-4EC2-B9A7-463EBC58E39B}.Release|Any CPU.Build.0 = Release|Any CPU
	EndGlobalSection
	GlobalSection(SolutionProperties) = preSolution
		HideSolutionNode = FALSE
	EndGlobalSection
	GlobalSection(ExtensibilityGlobals) = postSolution
		SolutionGuid = {EA6B0213-C361-4F53-B54E-33D403D4A669}
	EndGlobalSection
EndGlobal
